// !$*UTF8*$!
{
	archiveVersion = 1;
	classes = {
	};
	objectVersion = 55;
	objects = {

/* Begin PBXBuildFile section */
		270A390D2805817100A88E51 /* ResetPasswordController.swift in Sources */ = {isa = PBXBuildFile; fileRef = 270A390C2805817100A88E51 /* ResetPasswordController.swift */; };
		270A390F280581BF00A88E51 /* ResetPasword.swift in Sources */ = {isa = PBXBuildFile; fileRef = 270A390E280581BF00A88E51 /* ResetPasword.swift */; };
		2727D28F28007052005D0265 /* UserModel.swift in Sources */ = {isa = PBXBuildFile; fileRef = 2727D28E28007052005D0265 /* UserModel.swift */; };
		277EC63927DF6D6400638066 /* AppDelegate.swift in Sources */ = {isa = PBXBuildFile; fileRef = 277EC63827DF6D6400638066 /* AppDelegate.swift */; };
		277EC63D27DF6D6400638066 /* LoginViewController.swift in Sources */ = {isa = PBXBuildFile; fileRef = 277EC63C27DF6D6400638066 /* LoginViewController.swift */; };
		277EC64227DF6D6500638066 /* Assets.xcassets in Resources */ = {isa = PBXBuildFile; fileRef = 277EC64127DF6D6500638066 /* Assets.xcassets */; };
		277EC64527DF6D6500638066 /* LaunchScreen.storyboard in Resources */ = {isa = PBXBuildFile; fileRef = 277EC64327DF6D6500638066 /* LaunchScreen.storyboard */; };
		277EC64F27DF736000638066 /* LoginView.swift in Sources */ = {isa = PBXBuildFile; fileRef = 277EC64E27DF736000638066 /* LoginView.swift */; };
		2781C2CE27E9CFC400386DF4 /* RegisterView.swift in Sources */ = {isa = PBXBuildFile; fileRef = 2781C2CD27E9CFC400386DF4 /* RegisterView.swift */; };
		2781C2D127E9D16300386DF4 /* RegisterViewController.swift in Sources */ = {isa = PBXBuildFile; fileRef = 2781C2D027E9D16300386DF4 /* RegisterViewController.swift */; };
		27BE30D92804CA540059973E /* MainControllerPageController.swift in Sources */ = {isa = PBXBuildFile; fileRef = 27BE30D82804CA540059973E /* MainControllerPageController.swift */; };
/* End PBXBuildFile section */

/* Begin PBXFileReference section */
		270A390C2805817100A88E51 /* ResetPasswordController.swift */ = {isa = PBXFileReference; lastKnownFileType = sourcecode.swift; path = ResetPasswordController.swift; sourceTree = "<group>"; };
		270A390E280581BF00A88E51 /* ResetPasword.swift */ = {isa = PBXFileReference; lastKnownFileType = sourcecode.swift; path = ResetPasword.swift; sourceTree = "<group>"; };
		2727D28E28007052005D0265 /* UserModel.swift */ = {isa = PBXFileReference; lastKnownFileType = sourcecode.swift; path = UserModel.swift; sourceTree = "<group>"; };
		277EC63527DF6D6400638066 /* OpoyApp.app */ = {isa = PBXFileReference; explicitFileType = wrapper.application; includeInIndex = 0; path = OpoyApp.app; sourceTree = BUILT_PRODUCTS_DIR; };
		277EC63827DF6D6400638066 /* AppDelegate.swift */ = {isa = PBXFileReference; lastKnownFileType = sourcecode.swift; path = AppDelegate.swift; sourceTree = "<group>"; };
		277EC63C27DF6D6400638066 /* LoginViewController.swift */ = {isa = PBXFileReference; lastKnownFileType = sourcecode.swift; path = LoginViewController.swift; sourceTree = "<group>"; };
		277EC64127DF6D6500638066 /* Assets.xcassets */ = {isa = PBXFileReference; lastKnownFileType = folder.assetcatalog; path = Assets.xcassets; sourceTree = "<group>"; };
		277EC64427DF6D6500638066 /* Base */ = {isa = PBXFileReference; lastKnownFileType = file.storyboard; name = Base; path = Base.lproj/LaunchScreen.storyboard; sourceTree = "<group>"; };
		277EC64627DF6D6500638066 /* Info.plist */ = {isa = PBXFileReference; lastKnownFileType = text.plist.xml; path = Info.plist; sourceTree = "<group>"; };
		277EC64E27DF736000638066 /* LoginView.swift */ = {isa = PBXFileReference; lastKnownFileType = sourcecode.swift; path = LoginView.swift; sourceTree = "<group>"; };
		2781C2CD27E9CFC400386DF4 /* RegisterView.swift */ = {isa = PBXFileReference; lastKnownFileType = sourcecode.swift; path = RegisterView.swift; sourceTree = "<group>"; };
		2781C2D027E9D16300386DF4 /* RegisterViewController.swift */ = {isa = PBXFileReference; lastKnownFileType = sourcecode.swift; path = RegisterViewController.swift; sourceTree = "<group>"; };
		27BE30D82804CA540059973E /* MainControllerPageController.swift */ = {isa = PBXFileReference; lastKnownFileType = sourcecode.swift; path = MainControllerPageController.swift; sourceTree = "<group>"; };
/* End PBXFileReference section */

/* Begin PBXFrameworksBuildPhase section */
		277EC63227DF6D6400638066 /* Frameworks */ = {
			isa = PBXFrameworksBuildPhase;
			buildActionMask = 2147483647;
			files = (
			);
			runOnlyForDeploymentPostprocessing = 0;
		};
/* End PBXFrameworksBuildPhase section */

/* Begin PBXGroup section */
		2727D28C2800702D005D0265 /* Model */ = {
			isa = PBXGroup;
			children = (
				2727D28E28007052005D0265 /* UserModel.swift */,
			);
			path = Model;
			sourceTree = "<group>";
		};
		2727D28D28007033005D0265 /* View */ = {
			isa = PBXGroup;
			children = (
				27BE30D72804CA290059973E /* Main */,
				2781C2CF27E9D0F200386DF4 /* Register */,
				277EC64D27DF72EB00638066 /* Login */,
			);
			path = View;
			sourceTree = "<group>";
		};
		277EC62C27DF6D6400638066 = {
			isa = PBXGroup;
			children = (
				277EC63727DF6D6400638066 /* OpoyApp */,
				277EC63627DF6D6400638066 /* Products */,
			);
			sourceTree = "<group>";
		};
		277EC63627DF6D6400638066 /* Products */ = {
			isa = PBXGroup;
			children = (
				277EC63527DF6D6400638066 /* OpoyApp.app */,
			);
			name = Products;
			sourceTree = "<group>";
		};
		277EC63727DF6D6400638066 /* OpoyApp */ = {
			isa = PBXGroup;
			children = (
				2727D28D28007033005D0265 /* View */,
				2727D28C2800702D005D0265 /* Model */,
				277EC64C27DF6D7400638066 /* Files */,
				277EC63827DF6D6400638066 /* AppDelegate.swift */,
			);
			path = OpoyApp;
			sourceTree = "<group>";
		};
		277EC64C27DF6D7400638066 /* Files */ = {
			isa = PBXGroup;
			children = (
				277EC64127DF6D6500638066 /* Assets.xcassets */,
				277EC64327DF6D6500638066 /* LaunchScreen.storyboard */,
				277EC64627DF6D6500638066 /* Info.plist */,
			);
			name = Files;
			sourceTree = "<group>";
		};
		277EC64D27DF72EB00638066 /* Login */ = {
			isa = PBXGroup;
			children = (
				277EC63C27DF6D6400638066 /* LoginViewController.swift */,
				277EC64E27DF736000638066 /* LoginView.swift */,
				270A390C2805817100A88E51 /* ResetPasswordController.swift */,
				270A390E280581BF00A88E51 /* ResetPasword.swift */,
			);
			path = Login;
			sourceTree = "<group>";
		};
		2781C2CF27E9D0F200386DF4 /* Register */ = {
			isa = PBXGroup;
			children = (
				2781C2CD27E9CFC400386DF4 /* RegisterView.swift */,
				2781C2D027E9D16300386DF4 /* RegisterViewController.swift */,
			);
			path = Register;
			sourceTree = "<group>";
		};
		27BE30D72804CA290059973E /* Main */ = {
			isa = PBXGroup;
			children = (
				27BE30D82804CA540059973E /* MainControllerPageController.swift */,
			);
			path = Main;
			sourceTree = "<group>";
		};
/* End PBXGroup section */

/* Begin PBXNativeTarget section */
		277EC63427DF6D6400638066 /* OpoyApp */ = {
			isa = PBXNativeTarget;
			buildConfigurationList = 277EC64927DF6D6500638066 /* Build configuration list for PBXNativeTarget "OpoyApp" */;
			buildPhases = (
				277EC63127DF6D6400638066 /* Sources */,
				277EC63227DF6D6400638066 /* Frameworks */,
				277EC63327DF6D6400638066 /* Resources */,
			);
			buildRules = (
			);
			dependencies = (
			);
			name = OpoyApp;
			productName = OpoyApp;
			productReference = 277EC63527DF6D6400638066 /* OpoyApp.app */;
			productType = "com.apple.product-type.application";
		};
/* End PBXNativeTarget section */

/* Begin PBXProject section */
		277EC62D27DF6D6400638066 /* Project object */ = {
			isa = PBXProject;
			attributes = {
				BuildIndependentTargetsInParallel = 1;
				LastSwiftUpdateCheck = 1320;
				LastUpgradeCheck = 1320;
				TargetAttributes = {
					277EC63427DF6D6400638066 = {
						CreatedOnToolsVersion = 13.2.1;
					};
				};
			};
			buildConfigurationList = 277EC63027DF6D6400638066 /* Build configuration list for PBXProject "OpoyApp" */;
			compatibilityVersion = "Xcode 13.0";
			developmentRegion = en;
			hasScannedForEncodings = 0;
			knownRegions = (
				en,
				Base,
			);
			mainGroup = 277EC62C27DF6D6400638066;
			productRefGroup = 277EC63627DF6D6400638066 /* Products */;
			projectDirPath = "";
			projectRoot = "";
			targets = (
				277EC63427DF6D6400638066 /* OpoyApp */,
			);
		};
/* End PBXProject section */

/* Begin PBXResourcesBuildPhase section */
		277EC63327DF6D6400638066 /* Resources */ = {
			isa = PBXResourcesBuildPhase;
			buildActionMask = 2147483647;
			files = (
				277EC64527DF6D6500638066 /* LaunchScreen.storyboard in Resources */,
				277EC64227DF6D6500638066 /* Assets.xcassets in Resources */,
			);
			runOnlyForDeploymentPostprocessing = 0;
		};
/* End PBXResourcesBuildPhase section */

/* Begin PBXSourcesBuildPhase section */
		277EC63127DF6D6400638066 /* Sources */ = {
			isa = PBXSourcesBuildPhase;
			buildActionMask = 2147483647;
			files = (
				277EC64F27DF736000638066 /* LoginView.swift in Sources */,
				2781C2D127E9D16300386DF4 /* RegisterViewController.swift in Sources */,
				27BE30D92804CA540059973E /* MainControllerPageController.swift in Sources */,
				270A390F280581BF00A88E51 /* ResetPasword.swift in Sources */,
				2781C2CE27E9CFC400386DF4 /* RegisterView.swift in Sources */,
				270A390D2805817100A88E51 /* ResetPasswordController.swift in Sources */,
				277EC63D27DF6D6400638066 /* LoginViewController.swift in Sources */,
				2727D28F28007052005D0265 /* UserModel.swift in Sources */,
				277EC63927DF6D6400638066 /* AppDelegate.swift in Sources */,
			);
			runOnlyForDeploymentPostprocessing = 0;
		};
/* End PBXSourcesBuildPhase section */

/* Begin PBXVariantGroup section */
		277EC64327DF6D6500638066 /* LaunchScreen.storyboard */ = {
			isa = PBXVariantGroup;
			children = (
				277EC64427DF6D6500638066 /* Base */,
			);
			name = LaunchScreen.storyboard;
			sourceTree = "<group>";
		};
/* End PBXVariantGroup section */

/* Begin XCBuildConfiguration section */
		277EC64727DF6D6500638066 /* Debug */ = {
			isa = XCBuildConfiguration;
			buildSettings = {
				ALWAYS_SEARCH_USER_PATHS = NO;
				CLANG_ANALYZER_NONNULL = YES;
				CLANG_ANALYZER_NUMBER_OBJECT_CONVERSION = YES_AGGRESSIVE;
				CLANG_CXX_LANGUAGE_STANDARD = "gnu++17";
				CLANG_CXX_LIBRARY = "libc++";
				CLANG_ENABLE_MODULES = YES;
				CLANG_ENABLE_OBJC_ARC = YES;
				CLANG_ENABLE_OBJC_WEAK = YES;
				CLANG_WARN_BLOCK_CAPTURE_AUTORELEASING = YES;
				CLANG_WARN_BOOL_CONVERSION = YES;
				CLANG_WARN_COMMA = YES;
				CLANG_WARN_CONSTANT_CONVERSION = YES;
				CLANG_WARN_DEPRECATED_OBJC_IMPLEMENTATIONS = YES;
				CLANG_WARN_DIRECT_OBJC_ISA_USAGE = YES_ERROR;
				CLANG_WARN_DOCUMENTATION_COMMENTS = YES;
				CLANG_WARN_EMPTY_BODY = YES;
				CLANG_WARN_ENUM_CONVERSION = YES;
				CLANG_WARN_INFINITE_RECURSION = YES;
				CLANG_WARN_INT_CONVERSION = YES;
				CLANG_WARN_NON_LITERAL_NULL_CONVERSION = YES;
				CLANG_WARN_OBJC_IMPLICIT_RETAIN_SELF = YES;
				CLANG_WARN_OBJC_LITERAL_CONVERSION = YES;
				CLANG_WARN_OBJC_ROOT_CLASS = YES_ERROR;
				CLANG_WARN_QUOTED_INCLUDE_IN_FRAMEWORK_HEADER = YES;
				CLANG_WARN_RANGE_LOOP_ANALYSIS = YES;
				CLANG_WARN_STRICT_PROTOTYPES = YES;
				CLANG_WARN_SUSPICIOUS_MOVE = YES;
				CLANG_WARN_UNGUARDED_AVAILABILITY = YES_AGGRESSIVE;
				CLANG_WARN_UNREACHABLE_CODE = YES;
				CLANG_WARN__DUPLICATE_METHOD_MATCH = YES;
				COPY_PHASE_STRIP = NO;
				DEBUG_INFORMATION_FORMAT = dwarf;
				ENABLE_STRICT_OBJC_MSGSEND = YES;
				ENABLE_TESTABILITY = YES;
				GCC_C_LANGUAGE_STANDARD = gnu11;
				GCC_DYNAMIC_NO_PIC = NO;
				GCC_NO_COMMON_BLOCKS = YES;
				GCC_OPTIMIZATION_LEVEL = 0;
				GCC_PREPROCESSOR_DEFINITIONS = (
					"DEBUG=1",
					"$(inherited)",
				);
				GCC_WARN_64_TO_32_BIT_CONVERSION = YES;
				GCC_WARN_ABOUT_RETURN_TYPE = YES_ERROR;
				GCC_WARN_UNDECLARED_SELECTOR = YES;
				GCC_WARN_UNINITIALIZED_AUTOS = YES_AGGRESSIVE;
				GCC_WARN_UNUSED_FUNCTION = YES;
				GCC_WARN_UNUSED_VARIABLE = YES;
				IPHONEOS_DEPLOYMENT_TARGET = 15.2;
				MTL_ENABLE_DEBUG_INFO = INCLUDE_SOURCE;
				MTL_FAST_MATH = YES;
				ONLY_ACTIVE_ARCH = YES;
				SDKROOT = iphoneos;
				SWIFT_ACTIVE_COMPILATION_CONDITIONS = DEBUG;
				SWIFT_OPTIMIZATION_LEVEL = "-Onone";
			};
			name = Debug;
		};
		277EC64827DF6D6500638066 /* Release */ = {
			isa = XCBuildConfiguration;
			buildSettings = {
				ALWAYS_SEARCH_USER_PATHS = NO;
				CLANG_ANALYZER_NONNULL = YES;
				CLANG_ANALYZER_NUMBER_OBJECT_CONVERSION = YES_AGGRESSIVE;
				CLANG_CXX_LANGUAGE_STANDARD = "gnu++17";
				CLANG_CXX_LIBRARY = "libc++";
				CLANG_ENABLE_MODULES = YES;
				CLANG_ENABLE_OBJC_ARC = YES;
				CLANG_ENABLE_OBJC_WEAK = YES;
				CLANG_WARN_BLOCK_CAPTURE_AUTORELEASING = YES;
				CLANG_WARN_BOOL_CONVERSION = YES;
				CLANG_WARN_COMMA = YES;
				CLANG_WARN_CONSTANT_CONVERSION = YES;
				CLANG_WARN_DEPRECATED_OBJC_IMPLEMENTATIONS = YES;
				CLANG_WARN_DIRECT_OBJC_ISA_USAGE = YES_ERROR;
				CLANG_WARN_DOCUMENTATION_COMMENTS = YES;
				CLANG_WARN_EMPTY_BODY = YES;
				CLANG_WARN_ENUM_CONVERSION = YES;
				CLANG_WARN_INFINITE_RECURSION = YES;
				CLANG_WARN_INT_CONVERSION = YES;
				CLANG_WARN_NON_LITERAL_NULL_CONVERSION = YES;
				CLANG_WARN_OBJC_IMPLICIT_RETAIN_SELF = YES;
				CLANG_WARN_OBJC_LITERAL_CONVERSION = YES;
				CLANG_WARN_OBJC_ROOT_CLASS = YES_ERROR;
				CLANG_WARN_QUOTED_INCLUDE_IN_FRAMEWORK_HEADER = YES;
				CLANG_WARN_RANGE_LOOP_ANALYSIS = YES;
				CLANG_WARN_STRICT_PROTOTYPES = YES;
				CLANG_WARN_SUSPICIOUS_MOVE = YES;
				CLANG_WARN_UNGUARDED_AVAILABILITY = YES_AGGRESSIVE;
				CLANG_WARN_UNREACHABLE_CODE = YES;
				CLANG_WARN__DUPLICATE_METHOD_MATCH = YES;
				COPY_PHASE_STRIP = NO;
				DEBUG_INFORMATION_FORMAT = "dwarf-with-dsym";
				ENABLE_NS_ASSERTIONS = NO;
				ENABLE_STRICT_OBJC_MSGSEND = YES;
				GCC_C_LANGUAGE_STANDARD = gnu11;
				GCC_NO_COMMON_BLOCKS = YES;
				GCC_WARN_64_TO_32_BIT_CONVERSION = YES;
				GCC_WARN_ABOUT_RETURN_TYPE = YES_ERROR;
				GCC_WARN_UNDECLARED_SELECTOR = YES;
				GCC_WARN_UNINITIALIZED_AUTOS = YES_AGGRESSIVE;
				GCC_WARN_UNUSED_FUNCTION = YES;
				GCC_WARN_UNUSED_VARIABLE = YES;
				IPHONEOS_DEPLOYMENT_TARGET = 15.2;
				MTL_ENABLE_DEBUG_INFO = NO;
				MTL_FAST_MATH = YES;
				SDKROOT = iphoneos;
				SWIFT_COMPILATION_MODE = wholemodule;
				SWIFT_OPTIMIZATION_LEVEL = "-O";
				VALIDATE_PRODUCT = YES;
			};
			name = Release;
		};
		277EC64A27DF6D6500638066 /* Debug */ = {
			isa = XCBuildConfiguration;
			buildSettings = {
				ASSETCATALOG_COMPILER_APPICON_NAME = AppIcon;
				ASSETCATALOG_COMPILER_GLOBAL_ACCENT_COLOR_NAME = AccentColor;
				CODE_SIGN_IDENTITY = "Apple Development";
				CODE_SIGN_STYLE = Automatic;
				CURRENT_PROJECT_VERSION = 1;
				DEVELOPMENT_TEAM = "";
				GENERATE_INFOPLIST_FILE = YES;
				INFOPLIST_FILE = OpoyApp/Info.plist;
				INFOPLIST_KEY_UIApplicationSupportsIndirectInputEvents = YES;
				INFOPLIST_KEY_UILaunchStoryboardName = LaunchScreen;
				INFOPLIST_KEY_UISupportedInterfaceOrientations = UIInterfaceOrientationPortrait;
				INFOPLIST_KEY_UISupportedInterfaceOrientations_iPad = "UIInterfaceOrientationPortrait UIInterfaceOrientationPortraitUpsideDown UIInterfaceOrientationLandscapeLeft UIInterfaceOrientationLandscapeRight";
				INFOPLIST_KEY_UISupportedInterfaceOrientations_iPhone = "UIInterfaceOrientationPortrait UIInterfaceOrientationLandscapeLeft UIInterfaceOrientationLandscapeRight";
				LD_RUNPATH_SEARCH_PATHS = (
					"$(inherited)",
					"@executable_path/Frameworks",
				);
				MARKETING_VERSION = 1.0;
				PRODUCT_BUNDLE_IDENTIFIER = com.opoy;
				PRODUCT_NAME = "$(TARGET_NAME)";
				PROVISIONING_PROFILE_SPECIFIER = "";
				SWIFT_EMIT_LOC_STRINGS = YES;
				SWIFT_VERSION = 5.0;
				TARGETED_DEVICE_FAMILY = "1,2";
			};
			name = Debug;
		};
		277EC64B27DF6D6500638066 /* Release */ = {
			isa = XCBuildConfiguration;
			buildSettings = {
				ASSETCATALOG_COMPILER_APPICON_NAME = AppIcon;
				ASSETCATALOG_COMPILER_GLOBAL_ACCENT_COLOR_NAME = AccentColor;
				CODE_SIGN_IDENTITY = "Apple Development";
				CODE_SIGN_STYLE = Automatic;
				CURRENT_PROJECT_VERSION = 1;
				DEVELOPMENT_TEAM = "";
				GENERATE_INFOPLIST_FILE = YES;
				INFOPLIST_FILE = OpoyApp/Info.plist;
				INFOPLIST_KEY_UIApplicationSupportsIndirectInputEvents = YES;
				INFOPLIST_KEY_UILaunchStoryboardName = LaunchScreen;
				INFOPLIST_KEY_UISupportedInterfaceOrientations = UIInterfaceOrientationPortrait;
				INFOPLIST_KEY_UISupportedInterfaceOrientations_iPad = "UIInterfaceOrientationPortrait UIInterfaceOrientationPortraitUpsideDown UIInterfaceOrientationLandscapeLeft UIInterfaceOrientationLandscapeRight";
				INFOPLIST_KEY_UISupportedInterfaceOrientations_iPhone = "UIInterfaceOrientationPortrait UIInterfaceOrientationLandscapeLeft UIInterfaceOrientationLandscapeRight";
				LD_RUNPATH_SEARCH_PATHS = (
					"$(inherited)",
					"@executable_path/Frameworks",
				);
				MARKETING_VERSION = 1.0;
				PRODUCT_BUNDLE_IDENTIFIER = com.opoy;
				PRODUCT_NAME = "$(TARGET_NAME)";
				PROVISIONING_PROFILE_SPECIFIER = "";
				SWIFT_EMIT_LOC_STRINGS = YES;
				SWIFT_VERSION = 5.0;
				TARGETED_DEVICE_FAMILY = "1,2";
			};
			name = Release;
		};
/* End XCBuildConfiguration section */

/* Begin XCConfigurationList section */
		277EC63027DF6D6400638066 /* Build configuration list for PBXProject "OpoyApp" */ = {
			isa = XCConfigurationList;
			buildConfigurations = (
				277EC64727DF6D6500638066 /* Debug */,
				277EC64827DF6D6500638066 /* Release */,
			);
			defaultConfigurationIsVisible = 0;
			defaultConfigurationName = Release;
		};
		277EC64927DF6D6500638066 /* Build configuration list for PBXNativeTarget "OpoyApp" */ = {
			isa = XCConfigurationList;
			buildConfigurations = (
				277EC64A27DF6D6500638066 /* Debug */,
				277EC64B27DF6D6500638066 /* Release */,
			);
			defaultConfigurationIsVisible = 0;
			defaultConfigurationName = Release;
		};
/* End XCConfigurationList section */
	};
	rootObject = 277EC62D27DF6D6400638066 /* Project object */;
}
